// !$*UTF8*$!
{
	archiveVersion = 1;
	classes = {
	};
	objectVersion = 46;
	objects = {

/* Begin PBXBuildFile section */
		097C0A4F9C2DD699AF4D77F2 /* libPods.a in Frameworks */ = {isa = PBXBuildFile; fileRef = 88DE0D33192695E05BA879BE /* libPods.a */; };
		C926C7381D17054B00BFA29B /* SRRecordingHelper.m in Sources */ = {isa = PBXBuildFile; fileRef = C926C7371D17054B00BFA29B /* SRRecordingHelper.m */; };
		C961ACD51CFB61AA0003C69F /* UIButton+BackgroundColor.m in Sources */ = {isa = PBXBuildFile; fileRef = C961ACD41CFB61AA0003C69F /* UIButton+BackgroundColor.m */; };
		C9DC296A1CFB366A00003556 /* main.m in Sources */ = {isa = PBXBuildFile; fileRef = C9DC29691CFB366A00003556 /* main.m */; };
		C9DC296D1CFB366A00003556 /* AppDelegate.m in Sources */ = {isa = PBXBuildFile; fileRef = C9DC296C1CFB366A00003556 /* AppDelegate.m */; };
		C9DC29731CFB366A00003556 /* Main.storyboard in Resources */ = {isa = PBXBuildFile; fileRef = C9DC29711CFB366A00003556 /* Main.storyboard */; };
		C9DC29751CFB366A00003556 /* Assets.xcassets in Resources */ = {isa = PBXBuildFile; fileRef = C9DC29741CFB366A00003556 /* Assets.xcassets */; };
		C9DC29781CFB366A00003556 /* LaunchScreen.storyboard in Resources */ = {isa = PBXBuildFile; fileRef = C9DC29761CFB366A00003556 /* LaunchScreen.storyboard */; };
		C9DC29841CFB3AEC00003556 /* SRMainViewController.m in Sources */ = {isa = PBXBuildFile; fileRef = C9DC29831CFB3AEC00003556 /* SRMainViewController.m */; };
		C9DC298A1CFB3D5700003556 /* UIView+Shortcuts.m in Sources */ = {isa = PBXBuildFile; fileRef = C9DC29891CFB3D5700003556 /* UIView+Shortcuts.m */; };
		C9DC298D1CFB430D00003556 /* UIColor+CustomColors.m in Sources */ = {isa = PBXBuildFile; fileRef = C9DC298C1CFB430C00003556 /* UIColor+CustomColors.m */; };
/* End PBXBuildFile section */

/* Begin PBXFileReference section */
		089480DAD94A4852FF1BFE5C /* Pods.debug.xcconfig */ = {isa = PBXFileReference; includeInIndex = 1; lastKnownFileType = text.xcconfig; name = Pods.debug.xcconfig; path = "Pods/Target Support Files/Pods/Pods.debug.xcconfig"; sourceTree = "<group>"; };
		88DE0D33192695E05BA879BE /* libPods.a */ = {isa = PBXFileReference; explicitFileType = archive.ar; includeInIndex = 0; path = libPods.a; sourceTree = BUILT_PRODUCTS_DIR; };
		C926C7361D17054B00BFA29B /* SRRecordingHelper.h */ = {isa = PBXFileReference; fileEncoding = 4; lastKnownFileType = sourcecode.c.h; path = SRRecordingHelper.h; sourceTree = "<group>"; };
		C926C7371D17054B00BFA29B /* SRRecordingHelper.m */ = {isa = PBXFileReference; fileEncoding = 4; lastKnownFileType = sourcecode.c.objc; path = SRRecordingHelper.m; sourceTree = "<group>"; };
		C961ACD31CFB61AA0003C69F /* UIButton+BackgroundColor.h */ = {isa = PBXFileReference; fileEncoding = 4; lastKnownFileType = sourcecode.c.h; path = "UIButton+BackgroundColor.h"; sourceTree = "<group>"; };
		C961ACD41CFB61AA0003C69F /* UIButton+BackgroundColor.m */ = {isa = PBXFileReference; fileEncoding = 4; lastKnownFileType = sourcecode.c.objc; path = "UIButton+BackgroundColor.m"; sourceTree = "<group>"; };
		C9DC29651CFB366A00003556 /* Sound Recorder.app */ = {isa = PBXFileReference; explicitFileType = wrapper.application; includeInIndex = 0; path = "Sound Recorder.app"; sourceTree = BUILT_PRODUCTS_DIR; };
		C9DC29691CFB366A00003556 /* main.m */ = {isa = PBXFileReference; lastKnownFileType = sourcecode.c.objc; path = main.m; sourceTree = "<group>"; };
		C9DC296B1CFB366A00003556 /* AppDelegate.h */ = {isa = PBXFileReference; lastKnownFileType = sourcecode.c.h; path = AppDelegate.h; sourceTree = "<group>"; };
		C9DC296C1CFB366A00003556 /* AppDelegate.m */ = {isa = PBXFileReference; lastKnownFileType = sourcecode.c.objc; path = AppDelegate.m; sourceTree = "<group>"; };
		C9DC29721CFB366A00003556 /* Base */ = {isa = PBXFileReference; lastKnownFileType = file.storyboard; name = Base; path = Base.lproj/Main.storyboard; sourceTree = "<group>"; };
		C9DC29741CFB366A00003556 /* Assets.xcassets */ = {isa = PBXFileReference; lastKnownFileType = folder.assetcatalog; path = Assets.xcassets; sourceTree = "<group>"; };
		C9DC29771CFB366A00003556 /* Base */ = {isa = PBXFileReference; lastKnownFileType = file.storyboard; name = Base; path = Base.lproj/LaunchScreen.storyboard; sourceTree = "<group>"; };
		C9DC29791CFB366A00003556 /* Info.plist */ = {isa = PBXFileReference; lastKnownFileType = text.plist.xml; path = Info.plist; sourceTree = "<group>"; };
		C9DC29821CFB3AEC00003556 /* SRMainViewController.h */ = {isa = PBXFileReference; fileEncoding = 4; lastKnownFileType = sourcecode.c.h; path = SRMainViewController.h; sourceTree = "<group>"; };
		C9DC29831CFB3AEC00003556 /* SRMainViewController.m */ = {isa = PBXFileReference; fileEncoding = 4; lastKnownFileType = sourcecode.c.objc; path = SRMainViewController.m; sourceTree = "<group>"; };
		C9DC29881CFB3D5700003556 /* UIView+Shortcuts.h */ = {isa = PBXFileReference; fileEncoding = 4; lastKnownFileType = sourcecode.c.h; path = "UIView+Shortcuts.h"; sourceTree = "<group>"; };
		C9DC29891CFB3D5700003556 /* UIView+Shortcuts.m */ = {isa = PBXFileReference; fileEncoding = 4; lastKnownFileType = sourcecode.c.objc; path = "UIView+Shortcuts.m"; sourceTree = "<group>"; };
		C9DC298B1CFB430C00003556 /* UIColor+CustomColors.h */ = {isa = PBXFileReference; fileEncoding = 4; lastKnownFileType = sourcecode.c.h; path = "UIColor+CustomColors.h"; sourceTree = "<group>"; };
		C9DC298C1CFB430C00003556 /* UIColor+CustomColors.m */ = {isa = PBXFileReference; fileEncoding = 4; lastKnownFileType = sourcecode.c.objc; path = "UIColor+CustomColors.m"; sourceTree = "<group>"; };
		CB41EE88C15D77CE77917697 /* Pods.release.xcconfig */ = {isa = PBXFileReference; includeInIndex = 1; lastKnownFileType = text.xcconfig; name = Pods.release.xcconfig; path = "Pods/Target Support Files/Pods/Pods.release.xcconfig"; sourceTree = "<group>"; };
/* End PBXFileReference section */

/* Begin PBXFrameworksBuildPhase section */
		C9DC29621CFB366A00003556 /* Frameworks */ = {
			isa = PBXFrameworksBuildPhase;
			buildActionMask = 2147483647;
			files = (
				097C0A4F9C2DD699AF4D77F2 /* libPods.a in Frameworks */,
			);
			runOnlyForDeploymentPostprocessing = 0;
		};
/* End PBXFrameworksBuildPhase section */

/* Begin PBXGroup section */
		2194268F90A7BBCA598E86BD /* Pods */ = {
			isa = PBXGroup;
			children = (
				089480DAD94A4852FF1BFE5C /* Pods.debug.xcconfig */,
				CB41EE88C15D77CE77917697 /* Pods.release.xcconfig */,
			);
			name = Pods;
			sourceTree = "<group>";
		};
		4DAA6B3A1243CAC12072B893 /* Frameworks */ = {
			isa = PBXGroup;
			children = (
				88DE0D33192695E05BA879BE /* libPods.a */,
			);
			name = Frameworks;
			sourceTree = "<group>";
		};
		C926C7351D1704F900BFA29B /* Categories */ = {
			isa = PBXGroup;
			children = (
				C9DC29881CFB3D5700003556 /* UIView+Shortcuts.h */,
				C9DC29891CFB3D5700003556 /* UIView+Shortcuts.m */,
				C9DC298B1CFB430C00003556 /* UIColor+CustomColors.h */,
				C9DC298C1CFB430C00003556 /* UIColor+CustomColors.m */,
				C961ACD31CFB61AA0003C69F /* UIButton+BackgroundColor.h */,
				C961ACD41CFB61AA0003C69F /* UIButton+BackgroundColor.m */,
			);
			name = Categories;
			sourceTree = "<group>";
		};
		C9DC295C1CFB366A00003556 = {
			isa = PBXGroup;
			children = (
				C9DC29671CFB366A00003556 /* Sound Recorder */,
				C9DC29661CFB366A00003556 /* Products */,
				2194268F90A7BBCA598E86BD /* Pods */,
				4DAA6B3A1243CAC12072B893 /* Frameworks */,
			);
			sourceTree = "<group>";
		};
		C9DC29661CFB366A00003556 /* Products */ = {
			isa = PBXGroup;
			children = (
				C9DC29651CFB366A00003556 /* Sound Recorder.app */,
			);
			name = Products;
			sourceTree = "<group>";
		};
		C9DC29671CFB366A00003556 /* Sound Recorder */ = {
			isa = PBXGroup;
			children = (
				C9DC296B1CFB366A00003556 /* AppDelegate.h */,
				C9DC296C1CFB366A00003556 /* AppDelegate.m */,
				C9DC29851CFB3B0100003556 /* Assets */,
				C9DC297F1CFB3A9700003556 /* Screens */,
				C9DC29871CFB3D0100003556 /* Utilities */,
				C9DC29681CFB366A00003556 /* Supporting Files */,
			);
			path = "Sound Recorder";
			sourceTree = "<group>";
		};
		C9DC29681CFB366A00003556 /* Supporting Files */ = {
			isa = PBXGroup;
			children = (
				C9DC29791CFB366A00003556 /* Info.plist */,
				C9DC29691CFB366A00003556 /* main.m */,
			);
			name = "Supporting Files";
			sourceTree = "<group>";
		};
		C9DC297F1CFB3A9700003556 /* Screens */ = {
			isa = PBXGroup;
			children = (
				C9DC29811CFB3AC300003556 /* Main Screen */,
				C9DC29801CFB3AB300003556 /* LaunchScreen */,
			);
			name = Screens;
			sourceTree = "<group>";
		};
		C9DC29801CFB3AB300003556 /* LaunchScreen */ = {
			isa = PBXGroup;
			children = (
				C9DC29761CFB366A00003556 /* LaunchScreen.storyboard */,
			);
			name = LaunchScreen;
			sourceTree = "<group>";
		};
		C9DC29811CFB3AC300003556 /* Main Screen */ = {
			isa = PBXGroup;
			children = (
				C9DC29711CFB366A00003556 /* Main.storyboard */,
				C9DC29821CFB3AEC00003556 /* SRMainViewController.h */,
				C9DC29831CFB3AEC00003556 /* SRMainViewController.m */,
			);
			name = "Main Screen";
			sourceTree = "<group>";
		};
		C9DC29851CFB3B0100003556 /* Assets */ = {
			isa = PBXGroup;
			children = (
				C9DC29741CFB366A00003556 /* Assets.xcassets */,
			);
			name = Assets;
			sourceTree = "<group>";
		};
		C9DC29871CFB3D0100003556 /* Utilities */ = {
			isa = PBXGroup;
			children = (
				C926C7351D1704F900BFA29B /* Categories */,
				C926C7361D17054B00BFA29B /* SRRecordingHelper.h */,
				C926C7371D17054B00BFA29B /* SRRecordingHelper.m */,
			);
			name = Utilities;
			sourceTree = "<group>";
		};
/* End PBXGroup section */

/* Begin PBXNativeTarget section */
		C9DC29641CFB366A00003556 /* Sound Recorder */ = {
			isa = PBXNativeTarget;
			buildConfigurationList = C9DC297C1CFB366A00003556 /* Build configuration list for PBXNativeTarget "Sound Recorder" */;
			buildPhases = (
				845528F5DB51492239A20369 /* Check Pods Manifest.lock */,
				C9DC29611CFB366A00003556 /* Sources */,
				C9DC29621CFB366A00003556 /* Frameworks */,
				C9DC29631CFB366A00003556 /* Resources */,
				1EFE86C2D571D6C3A15122DB /* Embed Pods Frameworks */,
				F7CAC88EF5D0E9D9EEA07EDD /* Copy Pods Resources */,
			);
			buildRules = (
			);
			dependencies = (
			);
			name = "Sound Recorder";
			productName = "Sound Recorder";
			productReference = C9DC29651CFB366A00003556 /* Sound Recorder.app */;
			productType = "com.apple.product-type.application";
		};
/* End PBXNativeTarget section */

/* Begin PBXProject section */
		C9DC295D1CFB366A00003556 /* Project object */ = {
			isa = PBXProject;
			attributes = {
				LastUpgradeCheck = 0730;
				ORGANIZATIONNAME = "Lukasz Komorowski";
				TargetAttributes = {
					C9DC29641CFB366A00003556 = {
						CreatedOnToolsVersion = 7.3.1;
						SystemCapabilities = {
							com.apple.BackgroundModes = {
								enabled = 1;
							};
						};
					};
				};
			};
			buildConfigurationList = C9DC29601CFB366A00003556 /* Build configuration list for PBXProject "Sound Recorder" */;
			compatibilityVersion = "Xcode 3.2";
			developmentRegion = English;
			hasScannedForEncodings = 0;
			knownRegions = (
				en,
				Base,
			);
			mainGroup = C9DC295C1CFB366A00003556;
			productRefGroup = C9DC29661CFB366A00003556 /* Products */;
			projectDirPath = "";
			projectRoot = "";
			targets = (
				C9DC29641CFB366A00003556 /* Sound Recorder */,
			);
		};
/* End PBXProject section */

/* Begin PBXResourcesBuildPhase section */
		C9DC29631CFB366A00003556 /* Resources */ = {
			isa = PBXResourcesBuildPhase;
			buildActionMask = 2147483647;
			files = (
				C9DC29781CFB366A00003556 /* LaunchScreen.storyboard in Resources */,
				C9DC29751CFB366A00003556 /* Assets.xcassets in Resources */,
				C9DC29731CFB366A00003556 /* Main.storyboard in Resources */,
			);
			runOnlyForDeploymentPostprocessing = 0;
		};
/* End PBXResourcesBuildPhase section */

/* Begin PBXShellScriptBuildPhase section */
		1EFE86C2D571D6C3A15122DB /* Embed Pods Frameworks */ = {
			isa = PBXShellScriptBuildPhase;
			buildActionMask = 2147483647;
			files = (
			);
			inputPaths = (
			);
			name = "Embed Pods Frameworks";
			outputPaths = (
			);
			runOnlyForDeploymentPostprocessing = 0;
			shellPath = /bin/sh;
			shellScript = "\"${SRCROOT}/Pods/Target Support Files/Pods/Pods-frameworks.sh\"\n";
			showEnvVarsInLog = 0;
		};
		845528F5DB51492239A20369 /* Check Pods Manifest.lock */ = {
			isa = PBXShellScriptBuildPhase;
			buildActionMask = 2147483647;
			files = (
			);
			inputPaths = (
			);
			name = "Check Pods Manifest.lock";
			outputPaths = (
			);
			runOnlyForDeploymentPostprocessing = 0;
			shellPath = /bin/sh;
			shellScript = "diff \"${PODS_ROOT}/../Podfile.lock\" \"${PODS_ROOT}/Manifest.lock\" > /dev/null\nif [[ $? != 0 ]] ; then\n    cat << EOM\nerror: The sandbox is not in sync with the Podfile.lock. Run 'pod install' or update your CocoaPods installation.\nEOM\n    exit 1\nfi\n";
			showEnvVarsInLog = 0;
		};
		F7CAC88EF5D0E9D9EEA07EDD /* Copy Pods Resources */ = {
			isa = PBXShellScriptBuildPhase;
			buildActionMask = 2147483647;
			files = (
			);
			inputPaths = (
			);
			name = "Copy Pods Resources";
			outputPaths = (
			);
			runOnlyForDeploymentPostprocessing = 0;
			shellPath = /bin/sh;
			shellScript = "\"${SRCROOT}/Pods/Target Support Files/Pods/Pods-resources.sh\"\n";
			showEnvVarsInLog = 0;
		};
/* End PBXShellScriptBuildPhase section */

/* Begin PBXSourcesBuildPhase section */
		C9DC29611CFB366A00003556 /* Sources */ = {
			isa = PBXSourcesBuildPhase;
			buildActionMask = 2147483647;
			files = (
				C9DC298A1CFB3D5700003556 /* UIView+Shortcuts.m in Sources */,
				C961ACD51CFB61AA0003C69F /* UIButton+BackgroundColor.m in Sources */,
				C9DC29841CFB3AEC00003556 /* SRMainViewController.m in Sources */,
				C926C7381D17054B00BFA29B /* SRRecordingHelper.m in Sources */,
				C9DC298D1CFB430D00003556 /* UIColor+CustomColors.m in Sources */,
				C9DC296D1CFB366A00003556 /* AppDelegate.m in Sources */,
				C9DC296A1CFB366A00003556 /* main.m in Sources */,
			);
			runOnlyForDeploymentPostprocessing = 0;
		};
/* End PBXSourcesBuildPhase section */

/* Begin PBXVariantGroup section */
		C9DC29711CFB366A00003556 /* Main.storyboard */ = {
			isa = PBXVariantGroup;
			children = (
				C9DC29721CFB366A00003556 /* Base */,
			);
			name = Main.storyboard;
			sourceTree = "<group>";
		};
		C9DC29761CFB366A00003556 /* LaunchScreen.storyboard */ = {
			isa = PBXVariantGroup;
			children = (
				C9DC29771CFB366A00003556 /* Base */,
			);
			name = LaunchScreen.storyboard;
			sourceTree = "<group>";
		};
/* End PBXVariantGroup section */

/* Begin XCBuildConfiguration section */
		C9DC297A1CFB366A00003556 /* Debug */ = {
			isa = XCBuildConfiguration;
			buildSettings = {
				ALWAYS_SEARCH_USER_PATHS = NO;
				CLANG_ANALYZER_NONNULL = YES;
				CLANG_CXX_LANGUAGE_STANDARD = "gnu++0x";
				CLANG_CXX_LIBRARY = "libc++";
				CLANG_ENABLE_MODULES = YES;
				CLANG_ENABLE_OBJC_ARC = YES;
				CLANG_WARN_BOOL_CONVERSION = YES;
				CLANG_WARN_CONSTANT_CONVERSION = YES;
				CLANG_WARN_DIRECT_OBJC_ISA_USAGE = YES_ERROR;
				CLANG_WARN_EMPTY_BODY = YES;
				CLANG_WARN_ENUM_CONVERSION = YES;
				CLANG_WARN_INT_CONVERSION = YES;
				CLANG_WARN_OBJC_ROOT_CLASS = YES_ERROR;
				CLANG_WARN_UNREACHABLE_CODE = YES;
				CLANG_WARN__DUPLICATE_METHOD_MATCH = YES;
				"CODE_SIGN_IDENTITY[sdk=iphoneos*]" = "iPhone Developer";
				COPY_PHASE_STRIP = NO;
				DEBUG_INFORMATION_FORMAT = dwarf;
				ENABLE_STRICT_OBJC_MSGSEND = YES;
				ENABLE_TESTABILITY = YES;
				GCC_C_LANGUAGE_STANDARD = gnu99;
				GCC_DYNAMIC_NO_PIC = NO;
				GCC_NO_COMMON_BLOCKS = YES;
				GCC_OPTIMIZATION_LEVEL = 0;
				GCC_PREPROCESSOR_DEFINITIONS = (
					"DEBUG=1",
					"$(inherited)",
				);
				GCC_WARN_64_TO_32_BIT_CONVERSION = YES;
				GCC_WARN_ABOUT_RETURN_TYPE = YES_ERROR;
				GCC_WARN_UNDECLARED_SELECTOR = YES;
				GCC_WARN_UNINITIALIZED_AUTOS = YES_AGGRESSIVE;
				GCC_WARN_UNUSED_FUNCTION = YES;
				GCC_WARN_UNUSED_VARIABLE = YES;
				IPHONEOS_DEPLOYMENT_TARGET = 9.3;
				MTL_ENABLE_DEBUG_INFO = YES;
				ONLY_ACTIVE_ARCH = YES;
				SDKROOT = iphoneos;
				TARGETED_DEVICE_FAMILY = "1,2";
			};
			name = Debug;
		};
		C9DC297B1CFB366A00003556 /* Release */ = {
			isa = XCBuildConfiguration;
			buildSettings = {
				ALWAYS_SEARCH_USER_PATHS = NO;
				CLANG_ANALYZER_NONNULL = YES;
				CLANG_CXX_LANGUAGE_STANDARD = "gnu++0x";
				CLANG_CXX_LIBRARY = "libc++";
				CLANG_ENABLE_MODULES = YES;
				CLANG_ENABLE_OBJC_ARC = YES;
				CLANG_WARN_BOOL_CONVERSION = YES;
				CLANG_WARN_CONSTANT_CONVERSION = YES;
				CLANG_WARN_DIRECT_OBJC_ISA_USAGE = YES_ERROR;
				CLANG_WARN_EMPTY_BODY = YES;
				CLANG_WARN_ENUM_CONVERSION = YES;
				CLANG_WARN_INT_CONVERSION = YES;
				CLANG_WARN_OBJC_ROOT_CLASS = YES_ERROR;
				CLANG_WARN_UNREACHABLE_CODE = YES;
				CLANG_WARN__DUPLICATE_METHOD_MATCH = YES;
				"CODE_SIGN_IDENTITY[sdk=iphoneos*]" = "iPhone Developer";
				COPY_PHASE_STRIP = NO;
				DEBUG_INFORMATION_FORMAT = "dwarf-with-dsym";
				ENABLE_NS_ASSERTIONS = NO;
				ENABLE_STRICT_OBJC_MSGSEND = YES;
				GCC_C_LANGUAGE_STANDARD = gnu99;
				GCC_NO_COMMON_BLOCKS = YES;
				GCC_WARN_64_TO_32_BIT_CONVERSION = YES;
				GCC_WARN_ABOUT_RETURN_TYPE = YES_ERROR;
				GCC_WARN_UNDECLARED_SELECTOR = YES;
				GCC_WARN_UNINITIALIZED_AUTOS = YES_AGGRESSIVE;
				GCC_WARN_UNUSED_FUNCTION = YES;
				GCC_WARN_UNUSED_VARIABLE = YES;
				IPHONEOS_DEPLOYMENT_TARGET = 9.3;
				MTL_ENABLE_DEBUG_INFO = NO;
				SDKROOT = iphoneos;
				TARGETED_DEVICE_FAMILY = "1,2";
				VALIDATE_PRODUCT = YES;
			};
			name = Release;
		};
		C9DC297D1CFB366A00003556 /* Debug */ = {
			isa = XCBuildConfiguration;
			baseConfigurationReference = 089480DAD94A4852FF1BFE5C /* Pods.debug.xcconfig */;
			buildSettings = {
				ASSETCATALOG_COMPILER_APPICON_NAME = AppIcon;
				INFOPLIST_FILE = "Sound Recorder/Info.plist";
				LD_RUNPATH_SEARCH_PATHS = "$(inherited) @executable_path/Frameworks";
				PRODUCT_BUNDLE_IDENTIFIER = "lukasz.komorowski.Sound-Recorder";
				PRODUCT_NAME = "$(TARGET_NAME)";
			};
			name = Debug;
		};
		C9DC297E1CFB366A00003556 /* Release */ = {
			isa = XCBuildConfiguration;
			baseConfigurationReference = CB41EE88C15D77CE77917697 /* Pods.release.xcconfig */;
			buildSettings = {
				ASSETCATALOG_COMPILER_APPICON_NAME = AppIcon;
				INFOPLIST_FILE = "Sound Recorder/Info.plist";
				LD_RUNPATH_SEARCH_PATHS = "$(inherited) @executable_path/Frameworks";
				PRODUCT_BUNDLE_IDENTIFIER = "lukasz.komorowski.Sound-Recorder";
				PRODUCT_NAME = "$(TARGET_NAME)";
			};
			name = Release;
		};
/* End XCBuildConfiguration section */

/* Begin XCConfigurationList section */
		C9DC29601CFB366A00003556 /* Build configuration list for PBXProject "Sound Recorder" */ = {
			isa = XCConfigurationList;
			buildConfigurations = (
				C9DC297A1CFB366A00003556 /* Debug */,
				C9DC297B1CFB366A00003556 /* Release */,
			);
			defaultConfigurationIsVisible = 0;
			defaultConfigurationName = Release;
		};
		C9DC297C1CFB366A00003556 /* Build configuration list for PBXNativeTarget "Sound Recorder" */ = {
			isa = XCConfigurationList;
			buildConfigurations = (
				C9DC297D1CFB366A00003556 /* Debug */,
				C9DC297E1CFB366A00003556 /* Release */,
			);
			defaultConfigurationIsVisible = 0;
			defaultConfigurationName = Release;
		};
/* End XCConfigurationList section */
	};
	rootObject = C9DC295D1CFB366A00003556 /* Project object */;
}
